
Microsoft Visual Studio Solution File, Format Version 12.00
# Visual Studio Version 17
VisualStudioVersion = 17.6.33815.320
MinimumVisualStudioVersion = 10.0.40219.1
Project("{FAE04EC0-301F-11D3-BF4B-00C04F79EFBC}") = "MVCAppEntityFramework", "MVCAppEntityFramework.csproj", "{9028D262-1FC2-4E02-8F2D-16EF44AFE8A9}"
EndProject
Global
	GlobalSection(SolutionConfigurationPlatforms) = preSolution
		Debug|Any CPU = Debug|Any CPU
		Release|Any CPU = Release|Any CPU
	EndGlobalSection
	GlobalSection(ProjectConfigurationPlatforms) = postSolution
		{9028D262-1FC2-4E02-8F2D-16EF44AFE8A9}.Debug|Any CPU.ActiveCfg = Debug|Any CPU
		{9028D262-1FC2-4E02-8F2D-16EF44AFE8A9}.Debug|Any CPU.Build.0 = Debug|Any CPU
		{9028D262-1FC2-4E02-8F2D-16EF44AFE8A9}.Release|Any CPU.ActiveCfg = Release|Any CPU
		{9028D262-1FC2-4E02-8F2D-16EF44AFE8A9}.Release|Any CPU.Build.0 = Release|Any CPU
	EndGlobalSection
	GlobalSection(SolutionProperties) = preSolution
		HideSolutionNode = FALSE
	EndGlobalSection
	GlobalSection(ExtensibilityGlobals) = postSolution
		SolutionGuid = {2A6AA7F6-4440-4359-B75D-2EC7CCC34415}
	EndGlobalSection
EndGlobal
